// !$*UTF8*$!
{
	archiveVersion = 1;
	classes = {
	};
	objectVersion = 46;
	objects = {

/* Begin PBXBuildFile section */
		96DF761D1BDB59620012E607 /* main.m in Sources */ = {isa = PBXBuildFile; fileRef = 96DF761C1BDB59620012E607 /* main.m */; };
		96DF76201BDB59620012E607 /* AppDelegate.m in Sources */ = {isa = PBXBuildFile; fileRef = 96DF761F1BDB59620012E607 /* AppDelegate.m */; };
		96DF76281BDB59620012E607 /* Assets.xcassets in Resources */ = {isa = PBXBuildFile; fileRef = 96DF76271BDB59620012E607 /* Assets.xcassets */; };
		96DF762B1BDB59620012E607 /* LaunchScreen.storyboard in Resources */ = {isa = PBXBuildFile; fileRef = 96DF76291BDB59620012E607 /* LaunchScreen.storyboard */; };
		96DF76341BDB59D80012E607 /* MainViewController.m in Sources */ = {isa = PBXBuildFile; fileRef = 96DF76331BDB59D80012E607 /* MainViewController.m */; };
		96DF763A1BDB6AF80012E607 /* MS4EditingViewController.m in Sources */ = {isa = PBXBuildFile; fileRef = 96DF76391BDB6AF80012E607 /* MS4EditingViewController.m */; };
		96DF763D1BDB71600012E607 /* MS4NormalViewController.m in Sources */ = {isa = PBXBuildFile; fileRef = 96DF763C1BDB71600012E607 /* MS4NormalViewController.m */; };
/* End PBXBuildFile section */

/* Begin PBXFileReference section */
		96DF76181BDB59620012E607 /* MultiSelectDemo.app */ = {isa = PBXFileReference; explicitFileType = wrapper.application; includeInIndex = 0; path = MultiSelectDemo.app; sourceTree = BUILT_PRODUCTS_DIR; };
		96DF761C1BDB59620012E607 /* main.m */ = {isa = PBXFileReference; lastKnownFileType = sourcecode.c.objc; path = main.m; sourceTree = "<group>"; };
		96DF761E1BDB59620012E607 /* AppDelegate.h */ = {isa = PBXFileReference; lastKnownFileType = sourcecode.c.h; path = AppDelegate.h; sourceTree = "<group>"; };
		96DF761F1BDB59620012E607 /* AppDelegate.m */ = {isa = PBXFileReference; lastKnownFileType = sourcecode.c.objc; path = AppDelegate.m; sourceTree = "<group>"; };
		96DF76271BDB59620012E607 /* Assets.xcassets */ = {isa = PBXFileReference; lastKnownFileType = folder.assetcatalog; path = Assets.xcassets; sourceTree = "<group>"; };
		96DF762A1BDB59620012E607 /* Base */ = {isa = PBXFileReference; lastKnownFileType = file.storyboard; name = Base; path = Base.lproj/LaunchScreen.storyboard; sourceTree = "<group>"; };
		96DF762C1BDB59620012E607 /* Info.plist */ = {isa = PBXFileReference; lastKnownFileType = text.plist.xml; path = Info.plist; sourceTree = "<group>"; };
		96DF76321BDB59D80012E607 /* MainViewController.h */ = {isa = PBXFileReference; fileEncoding = 4; lastKnownFileType = sourcecode.c.h; path = MainViewController.h; sourceTree = "<group>"; };
		96DF76331BDB59D80012E607 /* MainViewController.m */ = {isa = PBXFileReference; fileEncoding = 4; lastKnownFileType = sourcecode.c.objc; path = MainViewController.m; sourceTree = "<group>"; };
		96DF76381BDB6AF80012E607 /* MS4EditingViewController.h */ = {isa = PBXFileReference; fileEncoding = 4; lastKnownFileType = sourcecode.c.h; path = MS4EditingViewController.h; sourceTree = "<group>"; };
		96DF76391BDB6AF80012E607 /* MS4EditingViewController.m */ = {isa = PBXFileReference; fileEncoding = 4; lastKnownFileType = sourcecode.c.objc; path = MS4EditingViewController.m; sourceTree = "<group>"; };
		96DF763B1BDB71600012E607 /* MS4NormalViewController.h */ = {isa = PBXFileReference; fileEncoding = 4; lastKnownFileType = sourcecode.c.h; path = MS4NormalViewController.h; sourceTree = "<group>"; };
		96DF763C1BDB71600012E607 /* MS4NormalViewController.m */ = {isa = PBXFileReference; fileEncoding = 4; lastKnownFileType = sourcecode.c.objc; path = MS4NormalViewController.m; sourceTree = "<group>"; };
/* End PBXFileReference section */

/* Begin PBXFrameworksBuildPhase section */
		96DF76151BDB59620012E607 /* Frameworks */ = {
			isa = PBXFrameworksBuildPhase;
			buildActionMask = 2147483647;
			files = (
			);
			runOnlyForDeploymentPostprocessing = 0;
		};
/* End PBXFrameworksBuildPhase section */

/* Begin PBXGroup section */
		96DF760F1BDB59620012E607 = {
			isa = PBXGroup;
			children = (
				96DF761A1BDB59620012E607 /* MultiSelectDemo */,
				96DF76191BDB59620012E607 /* Products */,
			);
			sourceTree = "<group>";
		};
		96DF76191BDB59620012E607 /* Products */ = {
			isa = PBXGroup;
			children = (
				96DF76181BDB59620012E607 /* MultiSelectDemo.app */,
			);
			name = Products;
			sourceTree = "<group>";
		};
		96DF761A1BDB59620012E607 /* MultiSelectDemo */ = {
			isa = PBXGroup;
			children = (
				96DF761E1BDB59620012E607 /* AppDelegate.h */,
				96DF761F1BDB59620012E607 /* AppDelegate.m */,
				96DF76321BDB59D80012E607 /* MainViewController.h */,
				96DF76331BDB59D80012E607 /* MainViewController.m */,
				96DF76381BDB6AF80012E607 /* MS4EditingViewController.h */,
				96DF76391BDB6AF80012E607 /* MS4EditingViewController.m */,
				96DF763B1BDB71600012E607 /* MS4NormalViewController.h */,
				96DF763C1BDB71600012E607 /* MS4NormalViewController.m */,
				96DF76271BDB59620012E607 /* Assets.xcassets */,
				96DF76291BDB59620012E607 /* LaunchScreen.storyboard */,
				96DF762C1BDB59620012E607 /* Info.plist */,
				96DF761B1BDB59620012E607 /* Supporting Files */,
			);
			path = MultiSelectDemo;
			sourceTree = "<group>";
		};
		96DF761B1BDB59620012E607 /* Supporting Files */ = {
			isa = PBXGroup;
			children = (
				96DF761C1BDB59620012E607 /* main.m */,
			);
			name = "Supporting Files";
			sourceTree = "<group>";
		};
/* End PBXGroup section */

/* Begin PBXNativeTarget section */
		96DF76171BDB59620012E607 /* MultiSelectDemo */ = {
			isa = PBXNativeTarget;
			buildConfigurationList = 96DF762F1BDB59620012E607 /* Build configuration list for PBXNativeTarget "MultiSelectDemo" */;
			buildPhases = (
				96DF76141BDB59620012E607 /* Sources */,
				96DF76151BDB59620012E607 /* Frameworks */,
				96DF76161BDB59620012E607 /* Resources */,
			);
			buildRules = (
			);
			dependencies = (
			);
			name = MultiSelectDemo;
			productName = MultiSelectDemo;
			productReference = 96DF76181BDB59620012E607 /* MultiSelectDemo.app */;
			productType = "com.apple.product-type.application";
		};
/* End PBXNativeTarget section */

/* Begin PBXProject section */
		96DF76101BDB59620012E607 /* Project object */ = {
			isa = PBXProject;
			attributes = {
				LastUpgradeCheck = 0710;
				ORGANIZATIONNAME = zengqingfu;
				TargetAttributes = {
					96DF76171BDB59620012E607 = {
						CreatedOnToolsVersion = 7.1;
					};
				};
			};
			buildConfigurationList = 96DF76131BDB59620012E607 /* Build configuration list for PBXProject "MultiSelectDemo" */;
			compatibilityVersion = "Xcode 3.2";
			developmentRegion = English;
			hasScannedForEncodings = 0;
			knownRegions = (
				en,
				Base,
			);
			mainGroup = 96DF760F1BDB59620012E607;
			productRefGroup = 96DF76191BDB59620012E607 /* Products */;
			projectDirPath = "";
			projectRoot = "";
			targets = (
				96DF76171BDB59620012E607 /* MultiSelectDemo */,
			);
		};
/* End PBXProject section */

/* Begin PBXResourcesBuildPhase section */
		96DF76161BDB59620012E607 /* Resources */ = {
			isa = PBXResourcesBuildPhase;
			buildActionMask = 2147483647;
			files = (
				96DF762B1BDB59620012E607 /* LaunchScreen.storyboard in Resources */,
				96DF76281BDB59620012E607 /* Assets.xcassets in Resources */,
			);
			runOnlyForDeploymentPostprocessing = 0;
		};
/* End PBXResourcesBuildPhase section */

/* Begin PBXSourcesBuildPhase section */
		96DF76141BDB59620012E607 /* Sources */ = {
			isa = PBXSourcesBuildPhase;
			buildActionMask = 2147483647;
			files = (
				96DF763D1BDB71600012E607 /* MS4NormalViewController.m in Sources */,
				96DF76201BDB59620012E607 /* AppDelegate.m in Sources */,
				96DF763A1BDB6AF80012E607 /* MS4EditingViewController.m in Sources */,
				96DF76341BDB59D80012E607 /* MainViewController.m in Sources */,
				96DF761D1BDB59620012E607 /* main.m in Sources */,
			);
			runOnlyForDeploymentPostprocessing = 0;
		};
/* End PBXSourcesBuildPhase section */

/* Begin PBXVariantGroup section */
		96DF76291BDB59620012E607 /* LaunchScreen.storyboard */ = {
			isa = PBXVariantGroup;
			children = (
				96DF762A1BDB59620012E607 /* Base */,
			);
			name = LaunchScreen.storyboard;
			sourceTree = "<group>";
		};
/* End PBXVariantGroup section */

/* Begin XCBuildConfiguration section */
		96DF762D1BDB59620012E607 /* Debug */ = {
			isa = XCBuildConfiguration;
			buildSettings = {
				ALWAYS_SEARCH_USER_PATHS = NO;
				CLANG_CXX_LANGUAGE_STANDARD = "gnu++0x";
				CLANG_CXX_LIBRARY = "libc++";
				CLANG_ENABLE_MODULES = YES;
				CLANG_ENABLE_OBJC_ARC = YES;
				CLANG_WARN_BOOL_CONVERSION = YES;
				CLANG_WARN_CONSTANT_CONVERSION = YES;
				CLANG_WARN_DIRECT_OBJC_ISA_USAGE = YES_ERROR;
				CLANG_WARN_EMPTY_BODY = YES;
				CLANG_WARN_ENUM_CONVERSION = YES;
				CLANG_WARN_INT_CONVERSION = YES;
				CLANG_WARN_OBJC_ROOT_CLASS = YES_ERROR;
				CLANG_WARN_UNREACHABLE_CODE = YES;
				CLANG_WARN__DUPLICATE_METHOD_MATCH = YES;
				"CODE_SIGN_IDENTITY[sdk=iphoneos*]" = "iPhone Developer";
				COPY_PHASE_STRIP = NO;
				DEBUG_INFORMATION_FORMAT = dwarf;
				ENABLE_STRICT_OBJC_MSGSEND = YES;
				ENABLE_TESTABILITY = YES;
				GCC_C_LANGUAGE_STANDARD = gnu99;
				GCC_DYNAMIC_NO_PIC = NO;
				GCC_NO_COMMON_BLOCKS = YES;
				GCC_OPTIMIZATION_LEVEL = 0;
				GCC_PREPROCESSOR_DEFINITIONS = (
					"DEBUG=1",
					"$(inherited)",
				);
				GCC_WARN_64_TO_32_BIT_CONVERSION = YES;
				GCC_WARN_ABOUT_RETURN_TYPE = YES_ERROR;
				GCC_WARN_UNDECLARED_SELECTOR = YES;
				GCC_WARN_UNINITIALIZED_AUTOS = YES_AGGRESSIVE;
				GCC_WARN_UNUSED_FUNCTION = YES;
				GCC_WARN_UNUSED_VARIABLE = YES;
				IPHONEOS_DEPLOYMENT_TARGET = 9.1;
				MTL_ENABLE_DEBUG_INFO = YES;
				ONLY_ACTIVE_ARCH = YES;
				SDKROOT = iphoneos;
				TARGETED_DEVICE_FAMILY = "1,2";
			};
			name = Debug;
		};
		96DF762E1BDB59620012E607 /* Release */ = {
			isa = XCBuildConfiguration;
			buildSettings = {
				ALWAYS_SEARCH_USER_PATHS = NO;
				CLANG_CXX_LANGUAGE_STANDARD = "gnu++0x";
				CLANG_CXX_LIBRARY = "libc++";
				CLANG_ENABLE_MODULES = YES;
				CLANG_ENABLE_OBJC_ARC = YES;
				CLANG_WARN_BOOL_CONVERSION = YES;
				CLANG_WARN_CONSTANT_CONVERSION = YES;
				CLANG_WARN_DIRECT_OBJC_ISA_USAGE = YES_ERROR;
				CLANG_WARN_EMPTY_BODY = YES;
				CLANG_WARN_ENUM_CONVERSION = YES;
				CLANG_WARN_INT_CONVERSION = YES;
				CLANG_WARN_OBJC_ROOT_CLASS = YES_ERROR;
				CLANG_WARN_UNREACHABLE_CODE = YES;
				CLANG_WARN__DUPLICATE_METHOD_MATCH = YES;
				"CODE_SIGN_IDENTITY[sdk=iphoneos*]" = "iPhone Developer";
				COPY_PHASE_STRIP = NO;
				DEBUG_INFORMATION_FORMAT = "dwarf-with-dsym";
				ENABLE_NS_ASSERTIONS = NO;
				ENABLE_STRICT_OBJC_MSGSEND = YES;
				GCC_C_LANGUAGE_STANDARD = gnu99;
				GCC_NO_COMMON_BLOCKS = YES;
				GCC_WARN_64_TO_32_BIT_CONVERSION = YES;
				GCC_WARN_ABOUT_RETURN_TYPE = YES_ERROR;
				GCC_WARN_UNDECLARED_SELECTOR = YES;
				GCC_WARN_UNINITIALIZED_AUTOS = YES_AGGRESSIVE;
				GCC_WARN_UNUSED_FUNCTION = YES;
				GCC_WARN_UNUSED_VARIABLE = YES;
				IPHONEOS_DEPLOYMENT_TARGET = 9.1;
				MTL_ENABLE_DEBUG_INFO = NO;
				SDKROOT = iphoneos;
				TARGETED_DEVICE_FAMILY = "1,2";
				VALIDATE_PRODUCT = YES;
			};
			name = Release;
		};
		96DF76301BDB59620012E607 /* Debug */ = {
			isa = XCBuildConfiguration;
			buildSettings = {
				ASSETCATALOG_COMPILER_APPICON_NAME = AppIcon;
				INFOPLIST_FILE = MultiSelectDemo/Info.plist;
				LD_RUNPATH_SEARCH_PATHS = "$(inherited) @executable_path/Frameworks";
				PRODUCT_BUNDLE_IDENTIFIER = com.zqf.MultiSelectDemo;
				PRODUCT_NAME = "$(TARGET_NAME)";
			};
			name = Debug;
		};
		96DF76311BDB59620012E607 /* Release */ = {
			isa = XCBuildConfiguration;
			buildSettings = {
				ASSETCATALOG_COMPILER_APPICON_NAME = AppIcon;
				INFOPLIST_FILE = MultiSelectDemo/Info.plist;
				LD_RUNPATH_SEARCH_PATHS = "$(inherited) @executable_path/Frameworks";
				PRODUCT_BUNDLE_IDENTIFIER = com.zqf.MultiSelectDemo;
				PRODUCT_NAME = "$(TARGET_NAME)";
			};
			name = Release;
		};
/* End XCBuildConfiguration section */

/* Begin XCConfigurationList section */
		96DF76131BDB59620012E607 /* Build configuration list for PBXProject "MultiSelectDemo" */ = {
			isa = XCConfigurationList;
			buildConfigurations = (
				96DF762D1BDB59620012E607 /* Debug */,
				96DF762E1BDB59620012E607 /* Release */,
			);
			defaultConfigurationIsVisible = 0;
			defaultConfigurationName = Release;
		};
		96DF762F1BDB59620012E607 /* Build configuration list for PBXNativeTarget "MultiSelectDemo" */ = {
			isa = XCConfigurationList;
			buildConfigurations = (
				96DF76301BDB59620012E607 /* Debug */,
				96DF76311BDB59620012E607 /* Release */,
			);
			defaultConfigurationIsVisible = 0;
		};
/* End XCConfigurationList section */
	};
	rootObject = 96DF76101BDB59620012E607 /* Project object */;
}
